
Microsoft Visual Studio Solution File, Format Version 12.00
# Visual Studio 15
VisualStudioVersion = 15.0.27004.2009
MinimumVisualStudioVersion = 10.0.40219.1
Project("{FAE04EC0-301F-11D3-BF4B-00C04F79EFBC}") = "TicketCalcV2", "TicketCalcV2\TicketCalcV2.csproj", "{5FF5EF86-074A-4F52-9781-492E2C775022}"
EndProject
Global
	GlobalSection(SolutionConfigurationPlatforms) = preSolution
		Debug|Any CPU = Debug|Any CPU
		Release|Any CPU = Release|Any CPU
	EndGlobalSection
	GlobalSection(ProjectConfigurationPlatforms) = postSolution
		{5FF5EF86-074A-4F52-9781-492E2C775022}.Debug|Any CPU.ActiveCfg = Debug|Any CPU
		{5FF5EF86-074A-4F52-9781-492E2C775022}.Debug|Any CPU.Build.0 = Debug|Any CPU
		{5FF5EF86-074A-4F52-9781-492E2C775022}.Release|Any CPU.ActiveCfg = Release|Any CPU
		{5FF5EF86-074A-4F52-9781-492E2C775022}.Release|Any CPU.Build.0 = Release|Any CPU
	EndGlobalSection
	GlobalSection(SolutionProperties) = preSolution
		HideSolutionNode = FALSE
	EndGlobalSection
	GlobalSection(ExtensibilityGlobals) = postSolution
		SolutionGuid = {70A5642F-F6F1-483F-994C-682561A7DA49}
	EndGlobalSection
EndGlobal
